// !$*UTF8*$!
{
	archiveVersion = 1;
	classes = {
	};
	objectVersion = 50;
	objects = {

/* Begin PBXBuildFile section */
		0068F8B3B031F568F18AF8B1 /* Pods_BikeStationsTests.framework in Frameworks */ = {isa = PBXBuildFile; fileRef = 52B001F17C2CFD086C5C61EA /* Pods_BikeStationsTests.framework */; };
		A5F070B212BF02E6AAAFC582 /* Pods_BikeStations_BikeStationsTests.framework in Frameworks */ = {isa = PBXBuildFile; fileRef = CD2ED90DAECCA7F1920C6A5F /* Pods_BikeStations_BikeStationsTests.framework */; };
		B125947220AEAD310041AAFF /* Coordinate.swift in Sources */ = {isa = PBXBuildFile; fileRef = B125946F20AEAD310041AAFF /* Coordinate.swift */; };
		B125947320AEAD310041AAFF /* NetworkHelper.swift in Sources */ = {isa = PBXBuildFile; fileRef = B125947020AEAD310041AAFF /* NetworkHelper.swift */; };
		B125947420AEAD310041AAFF /* BikeStation.swift in Sources */ = {isa = PBXBuildFile; fileRef = B125947120AEAD310041AAFF /* BikeStation.swift */; };
		B125947720AEAD3E0041AAFF /* StationCell.swift in Sources */ = {isa = PBXBuildFile; fileRef = B125947520AEAD3E0041AAFF /* StationCell.swift */; };
		B125947820AEAD3E0041AAFF /* StationCell.xib in Resources */ = {isa = PBXBuildFile; fileRef = B125947620AEAD3E0041AAFF /* StationCell.xib */; };
		B153017120AEA0A4001B5E71 /* AppDelegate.swift in Sources */ = {isa = PBXBuildFile; fileRef = B153017020AEA0A4001B5E71 /* AppDelegate.swift */; };
		B153017320AEA0A4001B5E71 /* MasterViewController.swift in Sources */ = {isa = PBXBuildFile; fileRef = B153017220AEA0A4001B5E71 /* MasterViewController.swift */; };
		B153017620AEA0A4001B5E71 /* Main.storyboard in Resources */ = {isa = PBXBuildFile; fileRef = B153017420AEA0A4001B5E71 /* Main.storyboard */; };
		B153017820AEA0A7001B5E71 /* Assets.xcassets in Resources */ = {isa = PBXBuildFile; fileRef = B153017720AEA0A7001B5E71 /* Assets.xcassets */; };
		B153017B20AEA0A7001B5E71 /* LaunchScreen.storyboard in Resources */ = {isa = PBXBuildFile; fileRef = B153017920AEA0A7001B5E71 /* LaunchScreen.storyboard */; };
		B153018620AEA0A7001B5E71 /* BikeStationsTests.swift in Sources */ = {isa = PBXBuildFile; fileRef = B153018520AEA0A7001B5E71 /* BikeStationsTests.swift */; };
		B1E0A19520AEB8D500099E28 /* StationListViewController.swift in Sources */ = {isa = PBXBuildFile; fileRef = B1E0A19420AEB8D500099E28 /* StationListViewController.swift */; };
		E7556593D47E02B18E86B375 /* Pods_BikeStations.framework in Frameworks */ = {isa = PBXBuildFile; fileRef = 560E2ADE902F721F91B687B5 /* Pods_BikeStations.framework */; };
/* End PBXBuildFile section */

/* Begin PBXContainerItemProxy section */
		B153018220AEA0A7001B5E71 /* PBXContainerItemProxy */ = {
			isa = PBXContainerItemProxy;
			containerPortal = B153016520AEA0A4001B5E71 /* Project object */;
			proxyType = 1;
			remoteGlobalIDString = B153016C20AEA0A4001B5E71;
			remoteInfo = BikeStations;
		};
/* End PBXContainerItemProxy section */

/* Begin PBXFileReference section */
		2F22A27AF3FDC37E8F609F32 /* Pods-BikeStations.debug.xcconfig */ = {isa = PBXFileReference; includeInIndex = 1; lastKnownFileType = text.xcconfig; name = "Pods-BikeStations.debug.xcconfig"; path = "Pods/Target Support Files/Pods-BikeStations/Pods-BikeStations.debug.xcconfig"; sourceTree = "<group>"; };
		349F7F5AE8150863CFEBCA3F /* Pods-BikeStations.release.xcconfig */ = {isa = PBXFileReference; includeInIndex = 1; lastKnownFileType = text.xcconfig; name = "Pods-BikeStations.release.xcconfig"; path = "Pods/Target Support Files/Pods-BikeStations/Pods-BikeStations.release.xcconfig"; sourceTree = "<group>"; };
		52B001F17C2CFD086C5C61EA /* Pods_BikeStationsTests.framework */ = {isa = PBXFileReference; explicitFileType = wrapper.framework; includeInIndex = 0; path = Pods_BikeStationsTests.framework; sourceTree = BUILT_PRODUCTS_DIR; };
		560E2ADE902F721F91B687B5 /* Pods_BikeStations.framework */ = {isa = PBXFileReference; explicitFileType = wrapper.framework; includeInIndex = 0; path = Pods_BikeStations.framework; sourceTree = BUILT_PRODUCTS_DIR; };
		59146A118FA0C7D827159676 /* Pods-BikeStationsTests.release.xcconfig */ = {isa = PBXFileReference; includeInIndex = 1; lastKnownFileType = text.xcconfig; name = "Pods-BikeStationsTests.release.xcconfig"; path = "Pods/Target Support Files/Pods-BikeStationsTests/Pods-BikeStationsTests.release.xcconfig"; sourceTree = "<group>"; };
		8E1CC77A1B6E705EC4FBDF1B /* Pods-BikeStationsTests.debug.xcconfig */ = {isa = PBXFileReference; includeInIndex = 1; lastKnownFileType = text.xcconfig; name = "Pods-BikeStationsTests.debug.xcconfig"; path = "Pods/Target Support Files/Pods-BikeStationsTests/Pods-BikeStationsTests.debug.xcconfig"; sourceTree = "<group>"; };
		B125946F20AEAD310041AAFF /* Coordinate.swift */ = {isa = PBXFileReference; fileEncoding = 4; lastKnownFileType = sourcecode.swift; path = Coordinate.swift; sourceTree = "<group>"; };
		B125947020AEAD310041AAFF /* NetworkHelper.swift */ = {isa = PBXFileReference; fileEncoding = 4; lastKnownFileType = sourcecode.swift; path = NetworkHelper.swift; sourceTree = "<group>"; };
		B125947120AEAD310041AAFF /* BikeStation.swift */ = {isa = PBXFileReference; fileEncoding = 4; lastKnownFileType = sourcecode.swift; path = BikeStation.swift; sourceTree = "<group>"; };
		B125947520AEAD3E0041AAFF /* StationCell.swift */ = {isa = PBXFileReference; fileEncoding = 4; lastKnownFileType = sourcecode.swift; path = StationCell.swift; sourceTree = "<group>"; };
		B125947620AEAD3E0041AAFF /* StationCell.xib */ = {isa = PBXFileReference; fileEncoding = 4; lastKnownFileType = file.xib; path = StationCell.xib; sourceTree = "<group>"; };
		B153016D20AEA0A4001B5E71 /* BikeStations.app */ = {isa = PBXFileReference; explicitFileType = wrapper.application; includeInIndex = 0; path = BikeStations.app; sourceTree = BUILT_PRODUCTS_DIR; };
		B153017020AEA0A4001B5E71 /* AppDelegate.swift */ = {isa = PBXFileReference; lastKnownFileType = sourcecode.swift; path = AppDelegate.swift; sourceTree = "<group>"; };
		B153017220AEA0A4001B5E71 /* MasterViewController.swift */ = {isa = PBXFileReference; lastKnownFileType = sourcecode.swift; path = MasterViewController.swift; sourceTree = "<group>"; };
		B153017520AEA0A4001B5E71 /* Base */ = {isa = PBXFileReference; lastKnownFileType = file.storyboard; name = Base; path = Base.lproj/Main.storyboard; sourceTree = "<group>"; };
		B153017720AEA0A7001B5E71 /* Assets.xcassets */ = {isa = PBXFileReference; lastKnownFileType = folder.assetcatalog; path = Assets.xcassets; sourceTree = "<group>"; };
		B153017A20AEA0A7001B5E71 /* Base */ = {isa = PBXFileReference; lastKnownFileType = file.storyboard; name = Base; path = Base.lproj/LaunchScreen.storyboard; sourceTree = "<group>"; };
		B153017C20AEA0A7001B5E71 /* Info.plist */ = {isa = PBXFileReference; lastKnownFileType = text.plist.xml; path = Info.plist; sourceTree = "<group>"; };
		B153018120AEA0A7001B5E71 /* BikeStationsTests.xctest */ = {isa = PBXFileReference; explicitFileType = wrapper.cfbundle; includeInIndex = 0; path = BikeStationsTests.xctest; sourceTree = BUILT_PRODUCTS_DIR; };
		B153018520AEA0A7001B5E71 /* BikeStationsTests.swift */ = {isa = PBXFileReference; lastKnownFileType = sourcecode.swift; path = BikeStationsTests.swift; sourceTree = "<group>"; };
		B153018720AEA0A7001B5E71 /* Info.plist */ = {isa = PBXFileReference; lastKnownFileType = text.plist.xml; path = Info.plist; sourceTree = "<group>"; };
		B1E0A19420AEB8D500099E28 /* StationListViewController.swift */ = {isa = PBXFileReference; lastKnownFileType = sourcecode.swift; path = StationListViewController.swift; sourceTree = "<group>"; };
		CD2ED90DAECCA7F1920C6A5F /* Pods_BikeStations_BikeStationsTests.framework */ = {isa = PBXFileReference; explicitFileType = wrapper.framework; includeInIndex = 0; path = Pods_BikeStations_BikeStationsTests.framework; sourceTree = BUILT_PRODUCTS_DIR; };
		D8F2C0752E95EB118BB3A20B /* Pods-BikeStations-BikeStationsTests.release.xcconfig */ = {isa = PBXFileReference; includeInIndex = 1; lastKnownFileType = text.xcconfig; name = "Pods-BikeStations-BikeStationsTests.release.xcconfig"; path = "Pods/Target Support Files/Pods-BikeStations-BikeStationsTests/Pods-BikeStations-BikeStationsTests.release.xcconfig"; sourceTree = "<group>"; };
		E92B4A7816FD9E46A0AA7EAA /* Pods-BikeStations-BikeStationsTests.debug.xcconfig */ = {isa = PBXFileReference; includeInIndex = 1; lastKnownFileType = text.xcconfig; name = "Pods-BikeStations-BikeStationsTests.debug.xcconfig"; path = "Pods/Target Support Files/Pods-BikeStations-BikeStationsTests/Pods-BikeStations-BikeStationsTests.debug.xcconfig"; sourceTree = "<group>"; };
/* End PBXFileReference section */

/* Begin PBXFrameworksBuildPhase section */
		B153016A20AEA0A4001B5E71 /* Frameworks */ = {
			isa = PBXFrameworksBuildPhase;
			buildActionMask = 2147483647;
			files = (
				E7556593D47E02B18E86B375 /* Pods_BikeStations.framework in Frameworks */,
			);
			runOnlyForDeploymentPostprocessing = 0;
		};
		B153017E20AEA0A7001B5E71 /* Frameworks */ = {
			isa = PBXFrameworksBuildPhase;
			buildActionMask = 2147483647;
			files = (
				0068F8B3B031F568F18AF8B1 /* Pods_BikeStationsTests.framework in Frameworks */,
				A5F070B212BF02E6AAAFC582 /* Pods_BikeStations_BikeStationsTests.framework in Frameworks */,
			);
			runOnlyForDeploymentPostprocessing = 0;
		};
/* End PBXFrameworksBuildPhase section */

/* Begin PBXGroup section */
		36F9D7A1DAD266D427E77670 /* Pods */ = {
			isa = PBXGroup;
			children = (
				2F22A27AF3FDC37E8F609F32 /* Pods-BikeStations.debug.xcconfig */,
				349F7F5AE8150863CFEBCA3F /* Pods-BikeStations.release.xcconfig */,
				8E1CC77A1B6E705EC4FBDF1B /* Pods-BikeStationsTests.debug.xcconfig */,
				59146A118FA0C7D827159676 /* Pods-BikeStationsTests.release.xcconfig */,
				E92B4A7816FD9E46A0AA7EAA /* Pods-BikeStations-BikeStationsTests.debug.xcconfig */,
				D8F2C0752E95EB118BB3A20B /* Pods-BikeStations-BikeStationsTests.release.xcconfig */,
			);
			name = Pods;
			sourceTree = "<group>";
		};
		B153016420AEA0A4001B5E71 = {
			isa = PBXGroup;
			children = (
				B153016F20AEA0A4001B5E71 /* BikeStations */,
				B153018420AEA0A7001B5E71 /* BikeStationsTests */,
				B153016E20AEA0A4001B5E71 /* Products */,
				36F9D7A1DAD266D427E77670 /* Pods */,
				F4C240FD97626E7FAF77D09A /* Frameworks */,
			);
			sourceTree = "<group>";
		};
		B153016E20AEA0A4001B5E71 /* Products */ = {
			isa = PBXGroup;
			children = (
				B153016D20AEA0A4001B5E71 /* BikeStations.app */,
				B153018120AEA0A7001B5E71 /* BikeStationsTests.xctest */,
			);
			name = Products;
			sourceTree = "<group>";
		};
		B153016F20AEA0A4001B5E71 /* BikeStations */ = {
			isa = PBXGroup;
			children = (
				B153019220AEA1D2001B5E71 /* View */,
				B153019120AEA1CA001B5E71 /* Controller */,
				B153019020AEA1BF001B5E71 /* Model */,
				B153017020AEA0A4001B5E71 /* AppDelegate.swift */,
				B153017720AEA0A7001B5E71 /* Assets.xcassets */,
				B153017920AEA0A7001B5E71 /* LaunchScreen.storyboard */,
				B153017C20AEA0A7001B5E71 /* Info.plist */,
			);
			path = BikeStations;
			sourceTree = "<group>";
		};
		B153018420AEA0A7001B5E71 /* BikeStationsTests */ = {
			isa = PBXGroup;
			children = (
				B153018520AEA0A7001B5E71 /* BikeStationsTests.swift */,
				B153018720AEA0A7001B5E71 /* Info.plist */,
			);
			path = BikeStationsTests;
			sourceTree = "<group>";
		};
		B153019020AEA1BF001B5E71 /* Model */ = {
			isa = PBXGroup;
			children = (
				B125947120AEAD310041AAFF /* BikeStation.swift */,
				B125946F20AEAD310041AAFF /* Coordinate.swift */,
				B125947020AEAD310041AAFF /* NetworkHelper.swift */,
			);
			path = Model;
			sourceTree = "<group>";
		};
		B153019120AEA1CA001B5E71 /* Controller */ = {
			isa = PBXGroup;
			children = (
				B153017220AEA0A4001B5E71 /* MasterViewController.swift */,
				B1E0A19420AEB8D500099E28 /* StationListViewController.swift */,
			);
			path = Controller;
			sourceTree = "<group>";
		};
		B153019220AEA1D2001B5E71 /* View */ = {
			isa = PBXGroup;
			children = (
				B153017420AEA0A4001B5E71 /* Main.storyboard */,
				B125947520AEAD3E0041AAFF /* StationCell.swift */,
				B125947620AEAD3E0041AAFF /* StationCell.xib */,
			);
			path = View;
			sourceTree = "<group>";
		};
		F4C240FD97626E7FAF77D09A /* Frameworks */ = {
			isa = PBXGroup;
			children = (
				560E2ADE902F721F91B687B5 /* Pods_BikeStations.framework */,
				52B001F17C2CFD086C5C61EA /* Pods_BikeStationsTests.framework */,
				CD2ED90DAECCA7F1920C6A5F /* Pods_BikeStations_BikeStationsTests.framework */,
			);
			name = Frameworks;
			sourceTree = "<group>";
		};
/* End PBXGroup section */

/* Begin PBXNativeTarget section */
		B153016C20AEA0A4001B5E71 /* BikeStations */ = {
			isa = PBXNativeTarget;
			buildConfigurationList = B153018A20AEA0A7001B5E71 /* Build configuration list for PBXNativeTarget "BikeStations" */;
			buildPhases = (
				249D871C6F7F6D56497E432E /* [CP] Check Pods Manifest.lock */,
				B153016920AEA0A4001B5E71 /* Sources */,
				B153016A20AEA0A4001B5E71 /* Frameworks */,
				B153016B20AEA0A4001B5E71 /* Resources */,
				1C824726CD64AD9E168BDE11 /* [CP] Copy Pods Resources */,
				10D27B1B7008B4A89FB7301C /* [CP] Embed Pods Frameworks */,
			);
			buildRules = (
			);
			dependencies = (
			);
			name = BikeStations;
			productName = BikeStations;
			productReference = B153016D20AEA0A4001B5E71 /* BikeStations.app */;
			productType = "com.apple.product-type.application";
		};
		B153018020AEA0A7001B5E71 /* BikeStationsTests */ = {
			isa = PBXNativeTarget;
			buildConfigurationList = B153018D20AEA0A7001B5E71 /* Build configuration list for PBXNativeTarget "BikeStationsTests" */;
			buildPhases = (
				F4FE111E3ADAF1AF93DAD696 /* [CP] Check Pods Manifest.lock */,
				B153017D20AEA0A7001B5E71 /* Sources */,
				B153017E20AEA0A7001B5E71 /* Frameworks */,
				B153017F20AEA0A7001B5E71 /* Resources */,
				767B792397C2DACD9508F1E9 /* [CP] Copy Pods Resources */,
				5C6F4D77FF4AB2668D441B3C /* [CP] Embed Pods Frameworks */,
			);
			buildRules = (
			);
			dependencies = (
				B153018320AEA0A7001B5E71 /* PBXTargetDependency */,
			);
			name = BikeStationsTests;
			productName = BikeStationsTests;
			productReference = B153018120AEA0A7001B5E71 /* BikeStationsTests.xctest */;
			productType = "com.apple.product-type.bundle.unit-test";
		};
/* End PBXNativeTarget section */

/* Begin PBXProject section */
		B153016520AEA0A4001B5E71 /* Project object */ = {
			isa = PBXProject;
			attributes = {
				LastSwiftUpdateCheck = 0930;
				LastUpgradeCheck = 0930;
				ORGANIZATIONNAME = FinCup;
				TargetAttributes = {
					B153016C20AEA0A4001B5E71 = {
						CreatedOnToolsVersion = 9.3;
					};
					B153018020AEA0A7001B5E71 = {
						CreatedOnToolsVersion = 9.3;
						TestTargetID = B153016C20AEA0A4001B5E71;
					};
				};
			};
			buildConfigurationList = B153016820AEA0A4001B5E71 /* Build configuration list for PBXProject "BikeStations" */;
			compatibilityVersion = "Xcode 9.3";
			developmentRegion = en;
			hasScannedForEncodings = 0;
			knownRegions = (
				en,
				Base,
			);
			mainGroup = B153016420AEA0A4001B5E71;
			productRefGroup = B153016E20AEA0A4001B5E71 /* Products */;
			projectDirPath = "";
			projectRoot = "";
			targets = (
				B153016C20AEA0A4001B5E71 /* BikeStations */,
				B153018020AEA0A7001B5E71 /* BikeStationsTests */,
			);
		};
/* End PBXProject section */

/* Begin PBXResourcesBuildPhase section */
		B153016B20AEA0A4001B5E71 /* Resources */ = {
			isa = PBXResourcesBuildPhase;
			buildActionMask = 2147483647;
			files = (
				B153017B20AEA0A7001B5E71 /* LaunchScreen.storyboard in Resources */,
				B153017820AEA0A7001B5E71 /* Assets.xcassets in Resources */,
				B125947820AEAD3E0041AAFF /* StationCell.xib in Resources */,
				B153017620AEA0A4001B5E71 /* Main.storyboard in Resources */,
			);
			runOnlyForDeploymentPostprocessing = 0;
		};
		B153017F20AEA0A7001B5E71 /* Resources */ = {
			isa = PBXResourcesBuildPhase;
			buildActionMask = 2147483647;
			files = (
			);
			runOnlyForDeploymentPostprocessing = 0;
		};
/* End PBXResourcesBuildPhase section */

/* Begin PBXShellScriptBuildPhase section */
		10D27B1B7008B4A89FB7301C /* [CP] Embed Pods Frameworks */ = {
			isa = PBXShellScriptBuildPhase;
			buildActionMask = 2147483647;
			files = (
			);
			inputPaths = (
				"${SRCROOT}/Pods/Target Support Files/Pods-BikeStations/Pods-BikeStations-frameworks.sh",
				"${BUILT_PRODUCTS_DIR}/PKHUD/PKHUD.framework",
			);
			name = "[CP] Embed Pods Frameworks";
			outputPaths = (
				"${TARGET_BUILD_DIR}/${FRAMEWORKS_FOLDER_PATH}/PKHUD.framework",
			);
			runOnlyForDeploymentPostprocessing = 0;
			shellPath = /bin/sh;
			shellScript = "\"${SRCROOT}/Pods/Target Support Files/Pods-BikeStations/Pods-BikeStations-frameworks.sh\"\n";
			showEnvVarsInLog = 0;
		};
		1C824726CD64AD9E168BDE11 /* [CP] Copy Pods Resources */ = {
			isa = PBXShellScriptBuildPhase;
			buildActionMask = 2147483647;
			files = (
			);
			inputPaths = (
				"${SRCROOT}/Pods/Target Support Files/Pods-BikeStations/Pods-BikeStations-resources.sh",
				"${PODS_ROOT}/GoogleMaps/Maps/Frameworks/GoogleMaps.framework/Resources/GoogleMaps.bundle",
			);
			name = "[CP] Copy Pods Resources";
			outputPaths = (
				"${TARGET_BUILD_DIR}/${UNLOCALIZED_RESOURCES_FOLDER_PATH}/GoogleMaps.bundle",
			);
			runOnlyForDeploymentPostprocessing = 0;
			shellPath = /bin/sh;
			shellScript = "\"${SRCROOT}/Pods/Target Support Files/Pods-BikeStations/Pods-BikeStations-resources.sh\"\n";
			showEnvVarsInLog = 0;
		};
		249D871C6F7F6D56497E432E /* [CP] Check Pods Manifest.lock */ = {
			isa = PBXShellScriptBuildPhase;
			buildActionMask = 2147483647;
			files = (
			);
			inputPaths = (
				"${PODS_PODFILE_DIR_PATH}/Podfile.lock",
				"${PODS_ROOT}/Manifest.lock",
			);
			name = "[CP] Check Pods Manifest.lock";
			outputPaths = (
				"$(DERIVED_FILE_DIR)/Pods-BikeStations-checkManifestLockResult.txt",
			);
			runOnlyForDeploymentPostprocessing = 0;
			shellPath = /bin/sh;
			shellScript = "diff \"${PODS_PODFILE_DIR_PATH}/Podfile.lock\" \"${PODS_ROOT}/Manifest.lock\" > /dev/null\nif [ $? != 0 ] ; then\n    # print error to STDERR\n    echo \"error: The sandbox is not in sync with the Podfile.lock. Run 'pod install' or update your CocoaPods installation.\" >&2\n    exit 1\nfi\n# This output is used by Xcode 'outputs' to avoid re-running this script phase.\necho \"SUCCESS\" > \"${SCRIPT_OUTPUT_FILE_0}\"\n";
			showEnvVarsInLog = 0;
		};
		5C6F4D77FF4AB2668D441B3C /* [CP] Embed Pods Frameworks */ = {
			isa = PBXShellScriptBuildPhase;
			buildActionMask = 2147483647;
			files = (
			);
			inputPaths = (
				"${SRCROOT}/Pods/Target Support Files/Pods-BikeStations-BikeStationsTests/Pods-BikeStations-BikeStationsTests-frameworks.sh",
				"${BUILT_PRODUCTS_DIR}/PKHUD/PKHUD.framework",
			);
			name = "[CP] Embed Pods Frameworks";
			outputPaths = (
				"${TARGET_BUILD_DIR}/${FRAMEWORKS_FOLDER_PATH}/PKHUD.framework",
			);
			runOnlyForDeploymentPostprocessing = 0;
			shellPath = /bin/sh;
			shellScript = "\"${SRCROOT}/Pods/Target Support Files/Pods-BikeStations-BikeStationsTests/Pods-BikeStations-BikeStationsTests-frameworks.sh\"\n";
			showEnvVarsInLog = 0;
		};
		767B792397C2DACD9508F1E9 /* [CP] Copy Pods Resources */ = {
			isa = PBXShellScriptBuildPhase;
			buildActionMask = 2147483647;
			files = (
			);
			inputPaths = (
				"${SRCROOT}/Pods/Target Support Files/Pods-BikeStations-BikeStationsTests/Pods-BikeStations-BikeStationsTests-resources.sh",
				"${PODS_ROOT}/GoogleMaps/Maps/Frameworks/GoogleMaps.framework/Resources/GoogleMaps.bundle",
			);
			name = "[CP] Copy Pods Resources";
			outputPaths = (
				"${TARGET_BUILD_DIR}/${UNLOCALIZED_RESOURCES_FOLDER_PATH}/GoogleMaps.bundle",
			);
			runOnlyForDeploymentPostprocessing = 0;
			shellPath = /bin/sh;
			shellScript = "\"${SRCROOT}/Pods/Target Support Files/Pods-BikeStations-BikeStationsTests/Pods-BikeStations-BikeStationsTests-resources.sh\"\n";
			showEnvVarsInLog = 0;
		};
		F4FE111E3ADAF1AF93DAD696 /* [CP] Check Pods Manifest.lock */ = {
			isa = PBXShellScriptBuildPhase;
			buildActionMask = 2147483647;
			files = (
			);
			inputPaths = (
				"${PODS_PODFILE_DIR_PATH}/Podfile.lock",
				"${PODS_ROOT}/Manifest.lock",
			);
			name = "[CP] Check Pods Manifest.lock";
			outputPaths = (
				"$(DERIVED_FILE_DIR)/Pods-BikeStations-BikeStationsTests-checkManifestLockResult.txt",
			);
			runOnlyForDeploymentPostprocessing = 0;
			shellPath = /bin/sh;
			shellScript = "diff \"${PODS_PODFILE_DIR_PATH}/Podfile.lock\" \"${PODS_ROOT}/Manifest.lock\" > /dev/null\nif [ $? != 0 ] ; then\n    # print error to STDERR\n    echo \"error: The sandbox is not in sync with the Podfile.lock. Run 'pod install' or update your CocoaPods installation.\" >&2\n    exit 1\nfi\n# This output is used by Xcode 'outputs' to avoid re-running this script phase.\necho \"SUCCESS\" > \"${SCRIPT_OUTPUT_FILE_0}\"\n";
			showEnvVarsInLog = 0;
		};
/* End PBXShellScriptBuildPhase section */

/* Begin PBXSourcesBuildPhase section */
		B153016920AEA0A4001B5E71 /* Sources */ = {
			isa = PBXSourcesBuildPhase;
			buildActionMask = 2147483647;
			files = (
				B125947320AEAD310041AAFF /* NetworkHelper.swift in Sources */,
				B153017320AEA0A4001B5E71 /* MasterViewController.swift in Sources */,
				B125947720AEAD3E0041AAFF /* StationCell.swift in Sources */,
				B1E0A19520AEB8D500099E28 /* StationListViewController.swift in Sources */,
				B125947420AEAD310041AAFF /* BikeStation.swift in Sources */,
				B153017120AEA0A4001B5E71 /* AppDelegate.swift in Sources */,
				B125947220AEAD310041AAFF /* Coordinate.swift in Sources */,
			);
			runOnlyForDeploymentPostprocessing = 0;
		};
		B153017D20AEA0A7001B5E71 /* Sources */ = {
			isa = PBXSourcesBuildPhase;
			buildActionMask = 2147483647;
			files = (
				B153018620AEA0A7001B5E71 /* BikeStationsTests.swift in Sources */,
			);
			runOnlyForDeploymentPostprocessing = 0;
		};
/* End PBXSourcesBuildPhase section */

/* Begin PBXTargetDependency section */
		B153018320AEA0A7001B5E71 /* PBXTargetDependency */ = {
			isa = PBXTargetDependency;
			target = B153016C20AEA0A4001B5E71 /* BikeStations */;
			targetProxy = B153018220AEA0A7001B5E71 /* PBXContainerItemProxy */;
		};
/* End PBXTargetDependency section */

/* Begin PBXVariantGroup section */
		B153017420AEA0A4001B5E71 /* Main.storyboard */ = {
			isa = PBXVariantGroup;
			children = (
				B153017520AEA0A4001B5E71 /* Base */,
			);
			name = Main.storyboard;
			sourceTree = "<group>";
		};
		B153017920AEA0A7001B5E71 /* LaunchScreen.storyboard */ = {
			isa = PBXVariantGroup;
			children = (
				B153017A20AEA0A7001B5E71 /* Base */,
			);
			name = LaunchScreen.storyboard;
			sourceTree = "<group>";
		};
/* End PBXVariantGroup section */

/* Begin XCBuildConfiguration section */
		B153018820AEA0A7001B5E71 /* Debug */ = {
			isa = XCBuildConfiguration;
			buildSettings = {
				ALWAYS_SEARCH_USER_PATHS = NO;
				CLANG_ANALYZER_NONNULL = YES;
				CLANG_ANALYZER_NUMBER_OBJECT_CONVERSION = YES_AGGRESSIVE;
				CLANG_CXX_LANGUAGE_STANDARD = "gnu++14";
				CLANG_CXX_LIBRARY = "libc++";
				CLANG_ENABLE_MODULES = YES;
				CLANG_ENABLE_OBJC_ARC = YES;
				CLANG_ENABLE_OBJC_WEAK = YES;
				CLANG_WARN_BLOCK_CAPTURE_AUTORELEASING = YES;
				CLANG_WARN_BOOL_CONVERSION = YES;
				CLANG_WARN_COMMA = YES;
				CLANG_WARN_CONSTANT_CONVERSION = YES;
				CLANG_WARN_DEPRECATED_OBJC_IMPLEMENTATIONS = YES;
				CLANG_WARN_DIRECT_OBJC_ISA_USAGE = YES_ERROR;
				CLANG_WARN_DOCUMENTATION_COMMENTS = YES;
				CLANG_WARN_EMPTY_BODY = YES;
				CLANG_WARN_ENUM_CONVERSION = YES;
				CLANG_WARN_INFINITE_RECURSION = YES;
				CLANG_WARN_INT_CONVERSION = YES;
				CLANG_WARN_NON_LITERAL_NULL_CONVERSION = YES;
				CLANG_WARN_OBJC_IMPLICIT_RETAIN_SELF = YES;
				CLANG_WARN_OBJC_LITERAL_CONVERSION = YES;
				CLANG_WARN_OBJC_ROOT_CLASS = YES_ERROR;
				CLANG_WARN_RANGE_LOOP_ANALYSIS = YES;
				CLANG_WARN_STRICT_PROTOTYPES = YES;
				CLANG_WARN_SUSPICIOUS_MOVE = YES;
				CLANG_WARN_UNGUARDED_AVAILABILITY = YES_AGGRESSIVE;
				CLANG_WARN_UNREACHABLE_CODE = YES;
				CLANG_WARN__DUPLICATE_METHOD_MATCH = YES;
				CODE_SIGN_IDENTITY = "iPhone Developer";
				COPY_PHASE_STRIP = NO;
				DEBUG_INFORMATION_FORMAT = dwarf;
				ENABLE_STRICT_OBJC_MSGSEND = YES;
				ENABLE_TESTABILITY = YES;
				GCC_C_LANGUAGE_STANDARD = gnu11;
				GCC_DYNAMIC_NO_PIC = NO;
				GCC_NO_COMMON_BLOCKS = YES;
				GCC_OPTIMIZATION_LEVEL = 0;
				GCC_PREPROCESSOR_DEFINITIONS = (
					"DEBUG=1",
					"$(inherited)",
				);
				GCC_WARN_64_TO_32_BIT_CONVERSION = YES;
				GCC_WARN_ABOUT_RETURN_TYPE = YES_ERROR;
				GCC_WARN_UNDECLARED_SELECTOR = YES;
				GCC_WARN_UNINITIALIZED_AUTOS = YES_AGGRESSIVE;
				GCC_WARN_UNUSED_FUNCTION = YES;
				GCC_WARN_UNUSED_VARIABLE = YES;
				IPHONEOS_DEPLOYMENT_TARGET = 11.3;
				MTL_ENABLE_DEBUG_INFO = YES;
				ONLY_ACTIVE_ARCH = YES;
				SDKROOT = iphoneos;
				SWIFT_ACTIVE_COMPILATION_CONDITIONS = DEBUG;
				SWIFT_OPTIMIZATION_LEVEL = "-Onone";
			};
			name = Debug;
		};
		B153018920AEA0A7001B5E71 /* Release */ = {
			isa = XCBuildConfiguration;
			buildSettings = {
				ALWAYS_SEARCH_USER_PATHS = NO;
				CLANG_ANALYZER_NONNULL = YES;
				CLANG_ANALYZER_NUMBER_OBJECT_CONVERSION = YES_AGGRESSIVE;
				CLANG_CXX_LANGUAGE_STANDARD = "gnu++14";
				CLANG_CXX_LIBRARY = "libc++";
				CLANG_ENABLE_MODULES = YES;
				CLANG_ENABLE_OBJC_ARC = YES;
				CLANG_ENABLE_OBJC_WEAK = YES;
				CLANG_WARN_BLOCK_CAPTURE_AUTORELEASING = YES;
				CLANG_WARN_BOOL_CONVERSION = YES;
				CLANG_WARN_COMMA = YES;
				CLANG_WARN_CONSTANT_CONVERSION = YES;
				CLANG_WARN_DEPRECATED_OBJC_IMPLEMENTATIONS = YES;
				CLANG_WARN_DIRECT_OBJC_ISA_USAGE = YES_ERROR;
				CLANG_WARN_DOCUMENTATION_COMMENTS = YES;
				CLANG_WARN_EMPTY_BODY = YES;
				CLANG_WARN_ENUM_CONVERSION = YES;
				CLANG_WARN_INFINITE_RECURSION = YES;
				CLANG_WARN_INT_CONVERSION = YES;
				CLANG_WARN_NON_LITERAL_NULL_CONVERSION = YES;
				CLANG_WARN_OBJC_IMPLICIT_RETAIN_SELF = YES;
				CLANG_WARN_OBJC_LITERAL_CONVERSION = YES;
				CLANG_WARN_OBJC_ROOT_CLASS = YES_ERROR;
				CLANG_WARN_RANGE_LOOP_ANALYSIS = YES;
				CLANG_WARN_STRICT_PROTOTYPES = YES;
				CLANG_WARN_SUSPICIOUS_MOVE = YES;
				CLANG_WARN_UNGUARDED_AVAILABILITY = YES_AGGRESSIVE;
				CLANG_WARN_UNREACHABLE_CODE = YES;
				CLANG_WARN__DUPLICATE_METHOD_MATCH = YES;
				CODE_SIGN_IDENTITY = "iPhone Developer";
				COPY_PHASE_STRIP = NO;
				DEBUG_INFORMATION_FORMAT = "dwarf-with-dsym";
				ENABLE_NS_ASSERTIONS = NO;
				ENABLE_STRICT_OBJC_MSGSEND = YES;
				GCC_C_LANGUAGE_STANDARD = gnu11;
				GCC_NO_COMMON_BLOCKS = YES;
				GCC_WARN_64_TO_32_BIT_CONVERSION = YES;
				GCC_WARN_ABOUT_RETURN_TYPE = YES_ERROR;
				GCC_WARN_UNDECLARED_SELECTOR = YES;
				GCC_WARN_UNINITIALIZED_AUTOS = YES_AGGRESSIVE;
				GCC_WARN_UNUSED_FUNCTION = YES;
				GCC_WARN_UNUSED_VARIABLE = YES;
				IPHONEOS_DEPLOYMENT_TARGET = 11.3;
				MTL_ENABLE_DEBUG_INFO = NO;
				SDKROOT = iphoneos;
				SWIFT_COMPILATION_MODE = wholemodule;
				SWIFT_OPTIMIZATION_LEVEL = "-O";
				VALIDATE_PRODUCT = YES;
			};
			name = Release;
		};
		B153018B20AEA0A7001B5E71 /* Debug */ = {
			isa = XCBuildConfiguration;
			baseConfigurationReference = 2F22A27AF3FDC37E8F609F32 /* Pods-BikeStations.debug.xcconfig */;
			buildSettings = {
				ASSETCATALOG_COMPILER_APPICON_NAME = AppIcon;
				CODE_SIGN_STYLE = Automatic;
				DEVELOPMENT_TEAM = UZ9LW928M3;
				INFOPLIST_FILE = BikeStations/Info.plist;
				LD_RUNPATH_SEARCH_PATHS = (
					"$(inherited)",
					"@executable_path/Frameworks",
				);
				PRODUCT_BUNDLE_IDENTIFIER = com.majid.bikestations.BikeStations;
				PRODUCT_NAME = "$(TARGET_NAME)";
				SWIFT_VERSION = 4.0;
				TARGETED_DEVICE_FAMILY = "1,2";
			};
			name = Debug;
		};
		B153018C20AEA0A7001B5E71 /* Release */ = {
			isa = XCBuildConfiguration;
			baseConfigurationReference = 349F7F5AE8150863CFEBCA3F /* Pods-BikeStations.release.xcconfig */;
			buildSettings = {
				ASSETCATALOG_COMPILER_APPICON_NAME = AppIcon;
				CODE_SIGN_STYLE = Automatic;
				DEVELOPMENT_TEAM = UZ9LW928M3;
				INFOPLIST_FILE = BikeStations/Info.plist;
				LD_RUNPATH_SEARCH_PATHS = (
					"$(inherited)",
					"@executable_path/Frameworks",
				);
				PRODUCT_BUNDLE_IDENTIFIER = com.majid.bikestations.BikeStations;
				PRODUCT_NAME = "$(TARGET_NAME)";
				SWIFT_VERSION = 4.0;
				TARGETED_DEVICE_FAMILY = "1,2";
			};
			name = Release;
		};
		B153018E20AEA0A7001B5E71 /* Debug */ = {
			isa = XCBuildConfiguration;
			baseConfigurationReference = E92B4A7816FD9E46A0AA7EAA /* Pods-BikeStations-BikeStationsTests.debug.xcconfig */;
			buildSettings = {
				ALWAYS_EMBED_SWIFT_STANDARD_LIBRARIES = YES;
				BUNDLE_LOADER = "$(TEST_HOST)";
				CODE_SIGN_STYLE = Automatic;
				DEVELOPMENT_TEAM = UZ9LW928M3;
				INFOPLIST_FILE = BikeStationsTests/Info.plist;
				LD_RUNPATH_SEARCH_PATHS = (
					"$(inherited)",
					"@executable_path/Frameworks",
					"@loader_path/Frameworks",
				);
				PRODUCT_BUNDLE_IDENTIFIER = com.majid.bikestations.BikeStationsTests;
				PRODUCT_NAME = "$(TARGET_NAME)";
				SWIFT_VERSION = 4.0;
				TARGETED_DEVICE_FAMILY = "1,2";
				TEST_HOST = "$(BUILT_PRODUCTS_DIR)/BikeStations.app/BikeStations";
			};
			name = Debug;
		};
		B153018F20AEA0A7001B5E71 /* Release */ = {
			isa = XCBuildConfiguration;
			baseConfigurationReference = D8F2C0752E95EB118BB3A20B /* Pods-BikeStations-BikeStationsTests.release.xcconfig */;
			buildSettings = {
				ALWAYS_EMBED_SWIFT_STANDARD_LIBRARIES = YES;
				BUNDLE_LOADER = "$(TEST_HOST)";
				CODE_SIGN_STYLE = Automatic;
				DEVELOPMENT_TEAM = UZ9LW928M3;
				INFOPLIST_FILE = BikeStationsTests/Info.plist;
				LD_RUNPATH_SEARCH_PATHS = (
					"$(inherited)",
					"@executable_path/Frameworks",
					"@loader_path/Frameworks",
				);
				PRODUCT_BUNDLE_IDENTIFIER = com.majid.bikestations.BikeStationsTests;
				PRODUCT_NAME = "$(TARGET_NAME)";
				SWIFT_VERSION = 4.0;
				TARGETED_DEVICE_FAMILY = "1,2";
				TEST_HOST = "$(BUILT_PRODUCTS_DIR)/BikeStations.app/BikeStations";
			};
			name = Release;
		};
/* End XCBuildConfiguration section */

/* Begin XCConfigurationList section */
		B153016820AEA0A4001B5E71 /* Build configuration list for PBXProject "BikeStations" */ = {
			isa = XCConfigurationList;
			buildConfigurations = (
				B153018820AEA0A7001B5E71 /* Debug */,
				B153018920AEA0A7001B5E71 /* Release */,
			);
			defaultConfigurationIsVisible = 0;
			defaultConfigurationName = Release;
		};
		B153018A20AEA0A7001B5E71 /* Build configuration list for PBXNativeTarget "BikeStations" */ = {
			isa = XCConfigurationList;
			buildConfigurations = (
				B153018B20AEA0A7001B5E71 /* Debug */,
				B153018C20AEA0A7001B5E71 /* Release */,
			);
			defaultConfigurationIsVisible = 0;
			defaultConfigurationName = Release;
		};
		B153018D20AEA0A7001B5E71 /* Build configuration list for PBXNativeTarget "BikeStationsTests" */ = {
			isa = XCConfigurationList;
			buildConfigurations = (
				B153018E20AEA0A7001B5E71 /* Debug */,
				B153018F20AEA0A7001B5E71 /* Release */,
			);
			defaultConfigurationIsVisible = 0;
			defaultConfigurationName = Release;
		};
/* End XCConfigurationList section */
	};
	rootObject = B153016520AEA0A4001B5E71 /* Project object */;
}
