PODS:
  - GoogleMaps (2.7.0):
    - GoogleMaps/Maps (= 2.7.0)
  - GoogleMaps/Base (2.7.0)
  - GoogleMaps/Maps (2.7.0):
    - GoogleMaps/Base
  - PKHUD (5.0.0)

DEPENDENCIES:
  - GoogleMaps
  - PKHUD

SPEC REPOS:
  https://github.com/CocoaPods/Specs.git:
    - GoogleMaps
    - PKHUD

SPEC CHECKSUMS:
  GoogleMaps: f79af95cb24d869457b1f961c93d3ce8b2f3b848
  PKHUD: 3c001512c6e002091184197a8de7a20420786e3b

PODFILE CHECKSUM: e8f037108e0f05a0debc5c3b3560a5df8d8ef9b6

COCOAPODS: 1.5.0
